Microsoft Visual Studio Solution File, Format Version 12.00
# Visual Studio Version 17
VisualStudioVersion = 17.5.2.0
MinimumVisualStudioVersion = 10.0.40219.1
Project("{2150E333-8FDC-42A3-9474-1A3956D46DE8}") = "launcher", "launcher", "{740C5202-8AD2-6D86-0CA9-F95B1A2D697C}"
EndProject
Project("{FAE04EC0-301F-11D3-BF4B-00C04F79EFBC}") = "KwLauncher", "launcher\KwLauncher.csproj", "{A2EFC19B-47EA-9481-27D4-E4F93DA8D37A}"
EndProject
Global
	GlobalSection(SolutionConfigurationPlatforms) = preSolution
		Debug|Any CPU = Debug|Any CPU
		Release|Any CPU = Release|Any CPU
	EndGlobalSection
	GlobalSection(ProjectConfigurationPlatforms) = postSolution
		{A2EFC19B-47EA-9481-27D4-E4F93DA8D37A}.Debug|Any CPU.ActiveCfg = Debug|Any CPU
		{A2EFC19B-47EA-9481-27D4-E4F93DA8D37A}.Debug|Any CPU.Build.0 = Debug|Any CPU
		{A2EFC19B-47EA-9481-27D4-E4F93DA8D37A}.Release|Any CPU.ActiveCfg = Release|Any CPU
		{A2EFC19B-47EA-9481-27D4-E4F93DA8D37A}.Release|Any CPU.Build.0 = Release|Any CPU
	EndGlobalSection
	GlobalSection(SolutionProperties) = preSolution
		HideSolutionNode = FALSE
	EndGlobalSection
	GlobalSection(NestedProjects) = preSolution
		{A2EFC19B-47EA-9481-27D4-E4F93DA8D37A} = {740C5202-8AD2-6D86-0CA9-F95B1A2D697C}
	EndGlobalSection
	GlobalSection(ExtensibilityGlobals) = postSolution
		SolutionGuid = {C73249D5-2FBC-4A28-A4EB-5C6B6B1D8814}
	EndGlobalSection
EndGlobal
